
Microsoft Visual Studio Solution File, Format Version 12.00
# Visual Studio Version 16
VisualStudioVersion = 16.0.30907.101
MinimumVisualStudioVersion = 10.0.40219.1
Project("{FAE04EC0-301F-11D3-BF4B-00C04F79EFBC}") = "DataAccess", "DataAccess\DataAccess.csproj", "{09C28F8C-A265-4F90-ADD9-33A63901414D}"
EndProject
Project("{FAE04EC0-301F-11D3-BF4B-00C04F79EFBC}") = "Business", "Business\Business.csproj", "{B7DC65A0-C966-4E17-80E9-0522B20C5933}"
EndProject
Project("{FAE04EC0-301F-11D3-BF4B-00C04F79EFBC}") = "Entities", "Entities\Entities.csproj", "{91DE2943-65E4-4516-A487-0C15F53F9E8C}"
EndProject
Project("{FAE04EC0-301F-11D3-BF4B-00C04F79EFBC}") = "ConsoleUI", "ConsoleUI\ConsoleUI.csproj", "{84DC1B92-17D6-4C34-A960-175980656BB5}"
EndProject
Global
	GlobalSection(SolutionConfigurationPlatforms) = preSolution
		Debug|Any CPU = Debug|Any CPU
		Release|Any CPU = Release|Any CPU
	EndGlobalSection
	GlobalSection(ProjectConfigurationPlatforms) = postSolution
		{09C28F8C-A265-4F90-ADD9-33A63901414D}.Debug|Any CPU.ActiveCfg = Debug|Any CPU
		{09C28F8C-A265-4F90-ADD9-33A63901414D}.Debug|Any CPU.Build.0 = Debug|Any CPU
		{09C28F8C-A265-4F90-ADD9-33A63901414D}.Release|Any CPU.ActiveCfg = Release|Any CPU
		{09C28F8C-A265-4F90-ADD9-33A63901414D}.Release|Any CPU.Build.0 = Release|Any CPU
		{B7DC65A0-C966-4E17-80E9-0522B20C5933}.Debug|Any CPU.ActiveCfg = Debug|Any CPU
		{B7DC65A0-C966-4E17-80E9-0522B20C5933}.Debug|Any CPU.Build.0 = Debug|Any CPU
		{B7DC65A0-C966-4E17-80E9-0522B20C5933}.Release|Any CPU.ActiveCfg = Release|Any CPU
		{B7DC65A0-C966-4E17-80E9-0522B20C5933}.Release|Any CPU.Build.0 = Release|Any CPU
		{91DE2943-65E4-4516-A487-0C15F53F9E8C}.Debug|Any CPU.ActiveCfg = Debug|Any CPU
		{91DE2943-65E4-4516-A487-0C15F53F9E8C}.Debug|Any CPU.Build.0 = Debug|Any CPU
		{91DE2943-65E4-4516-A487-0C15F53F9E8C}.Release|Any CPU.ActiveCfg = Release|Any CPU
		{91DE2943-65E4-4516-A487-0C15F53F9E8C}.Release|Any CPU.Build.0 = Release|Any CPU
		{84DC1B92-17D6-4C34-A960-175980656BB5}.Debug|Any CPU.ActiveCfg = Debug|Any CPU
		{84DC1B92-17D6-4C34-A960-175980656BB5}.Debug|Any CPU.Build.0 = Debug|Any CPU
		{84DC1B92-17D6-4C34-A960-175980656BB5}.Release|Any CPU.ActiveCfg = Release|Any CPU
		{84DC1B92-17D6-4C34-A960-175980656BB5}.Release|Any CPU.Build.0 = Release|Any CPU
	EndGlobalSection
	GlobalSection(SolutionProperties) = preSolution
		HideSolutionNode = FALSE
	EndGlobalSection
	GlobalSection(ExtensibilityGlobals) = postSolution
		SolutionGuid = {AAD4B281-D361-45F6-8989-124045DFB626}
	EndGlobalSection
EndGlobal
